
Microsoft Visual Studio Solution File, Format Version 12.00
# Visual Studio Version 17
VisualStudioVersion = 17.12.35707.178
MinimumVisualStudioVersion = 10.0.40219.1
Project("{FAE04EC0-301F-11D3-BF4B-00C04F79EFBC}") = "Syntra.FXTGroepsWerk2025.DataLayer", "Syntra.FXTGroepsWerk2025.DataLayer\Syntra.FXTGroepsWerk2025.DataLayer.csproj", "{43A0EC4F-EA92-4761-AE21-082E94D72DB7}"
EndProject
Project("{FAE04EC0-301F-11D3-BF4B-00C04F79EFBC}") = "Syntra.FXTGroepsWerk2025.Logic", "Syntra.FXTGroepsWerk2025.Logic\Syntra.FXTGroepsWerk2025.Logic.csproj", "{E7F6A1AF-1CF0-4278-82AE-1178BD0C4B69}"
EndProject
Project("{FAE04EC0-301F-11D3-BF4B-00C04F79EFBC}") = "Syntra.FXTGroepsWerk2025.Objects", "Syntra.FXTGroepsWerk2025.Objects\Syntra.FXTGroepsWerk2025.Objects.csproj", "{8AC19D51-7A74-4A10-BC12-24F43E965946}"
EndProject
Project("{FAE04EC0-301F-11D3-BF4B-00C04F79EFBC}") = "Syntra.FXTGroepsWerk2025.Presentation", "Syntra.FXTGroepsWerk2025.Presantation\Syntra.FXTGroepsWerk2025.Presentation.csproj", "{E9F0F82A-4541-4EA1-81FF-50A496CF6D4C}"
EndProject
Project("{2150E333-8FDC-42A3-9474-1A3956D46DE8}") = "Text Files", "Text Files", "{80BCE6AA-F68F-4199-B90B-BFE4CF76FE69}"
	ProjectSection(SolutionItems) = preProject
		API ReadMe.md = API ReadMe.md
	EndProjectSection
EndProject
Project("{FAE04EC0-301F-11D3-BF4B-00C04F79EFBC}") = "Testing", "Testing\Testing.csproj", "{81D3847F-9558-4D2F-B4B7-345CA63F1546}"
EndProject
Project("{FAE04EC0-301F-11D3-BF4B-00C04F79EFBC}") = "Syntra.FXTGroepsWerk2025.API", "Syntra.FXTGroepsWerk2025.API\Syntra.FXTGroepsWerk2025.API.csproj", "{00698997-83C5-45E6-9022-58177D27E742}"
EndProject
Project("{2150E333-8FDC-42A3-9474-1A3956D46DE8}") = "Presentation", "Presentation", "{02EA681E-C7D8-13C7-8484-4AC65E1B71E8}"
	ProjectSection(SolutionItems) = preProject
		..\..\..\..\Downloads\groepswerk presentatie\Syntra-FXT-2025-Presentation.pptx = ..\..\..\..\Downloads\groepswerk presentatie\Syntra-FXT-2025-Presentation.pptx
		..\..\..\..\Downloads\groepswerk presentatie\Syntra-FXT-GroepsWerk-2025-PowerPoint Pdf.pdf = ..\..\..\..\Downloads\groepswerk presentatie\Syntra-FXT-GroepsWerk-2025-PowerPoint Pdf.pdf
		..\..\..\..\Downloads\groepswerk presentatie\Syntra-FXT-GroepsWerk-2025-Powerpoint.pptx = ..\..\..\..\Downloads\groepswerk presentatie\Syntra-FXT-GroepsWerk-2025-Powerpoint.pptx
	EndProjectSection
EndProject
Global
	GlobalSection(SolutionConfigurationPlatforms) = preSolution
		Debug|Any CPU = Debug|Any CPU
		Release|Any CPU = Release|Any CPU
	EndGlobalSection
	GlobalSection(ProjectConfigurationPlatforms) = postSolution
		{43A0EC4F-EA92-4761-AE21-082E94D72DB7}.Debug|Any CPU.ActiveCfg = Debug|Any CPU
		{43A0EC4F-EA92-4761-AE21-082E94D72DB7}.Debug|Any CPU.Build.0 = Debug|Any CPU
		{43A0EC4F-EA92-4761-AE21-082E94D72DB7}.Release|Any CPU.ActiveCfg = Release|Any CPU
		{43A0EC4F-EA92-4761-AE21-082E94D72DB7}.Release|Any CPU.Build.0 = Release|Any CPU
		{E7F6A1AF-1CF0-4278-82AE-1178BD0C4B69}.Debug|Any CPU.ActiveCfg = Debug|Any CPU
		{E7F6A1AF-1CF0-4278-82AE-1178BD0C4B69}.Debug|Any CPU.Build.0 = Debug|Any CPU
		{E7F6A1AF-1CF0-4278-82AE-1178BD0C4B69}.Release|Any CPU.ActiveCfg = Release|Any CPU
		{E7F6A1AF-1CF0-4278-82AE-1178BD0C4B69}.Release|Any CPU.Build.0 = Release|Any CPU
		{8AC19D51-7A74-4A10-BC12-24F43E965946}.Debug|Any CPU.ActiveCfg = Debug|Any CPU
		{8AC19D51-7A74-4A10-BC12-24F43E965946}.Debug|Any CPU.Build.0 = Debug|Any CPU
		{8AC19D51-7A74-4A10-BC12-24F43E965946}.Release|Any CPU.ActiveCfg = Release|Any CPU
		{8AC19D51-7A74-4A10-BC12-24F43E965946}.Release|Any CPU.Build.0 = Release|Any CPU
		{E9F0F82A-4541-4EA1-81FF-50A496CF6D4C}.Debug|Any CPU.ActiveCfg = Debug|Any CPU
		{E9F0F82A-4541-4EA1-81FF-50A496CF6D4C}.Debug|Any CPU.Build.0 = Debug|Any CPU
		{E9F0F82A-4541-4EA1-81FF-50A496CF6D4C}.Release|Any CPU.ActiveCfg = Release|Any CPU
		{E9F0F82A-4541-4EA1-81FF-50A496CF6D4C}.Release|Any CPU.Build.0 = Release|Any CPU
		{81D3847F-9558-4D2F-B4B7-345CA63F1546}.Debug|Any CPU.ActiveCfg = Debug|Any CPU
		{81D3847F-9558-4D2F-B4B7-345CA63F1546}.Debug|Any CPU.Build.0 = Debug|Any CPU
		{81D3847F-9558-4D2F-B4B7-345CA63F1546}.Release|Any CPU.ActiveCfg = Release|Any CPU
		{81D3847F-9558-4D2F-B4B7-345CA63F1546}.Release|Any CPU.Build.0 = Release|Any CPU
		{00698997-83C5-45E6-9022-58177D27E742}.Debug|Any CPU.ActiveCfg = Debug|Any CPU
		{00698997-83C5-45E6-9022-58177D27E742}.Debug|Any CPU.Build.0 = Debug|Any CPU
		{00698997-83C5-45E6-9022-58177D27E742}.Release|Any CPU.ActiveCfg = Release|Any CPU
		{00698997-83C5-45E6-9022-58177D27E742}.Release|Any CPU.Build.0 = Release|Any CPU
	EndGlobalSection
	GlobalSection(SolutionProperties) = preSolution
		HideSolutionNode = FALSE
	EndGlobalSection
	GlobalSection(ExtensibilityGlobals) = postSolution
		SolutionGuid = {7643C543-8047-4B2B-B444-B52E18586B3B}
	EndGlobalSection
EndGlobal
